
Microsoft Visual Studio Solution File, Format Version 12.00
# Visual Studio Version 17
VisualStudioVersion = 17.11.35327.3
MinimumVisualStudioVersion = 10.0.40219.1
Project("{2150E333-8FDC-42A3-9474-1A3956D46DE8}") = "Worker", "Worker", "{22E86286-0091-4F00-B5F7-91D0213FF7E5}"
EndProject
Project("{2150E333-8FDC-42A3-9474-1A3956D46DE8}") = "Domain", "Domain", "{35618BAD-1058-467C-B534-1CAE87455C4D}"
EndProject
Project("{2150E333-8FDC-42A3-9474-1A3956D46DE8}") = "Publisher", "Publisher", "{B6B5C89E-E611-4895-A2E5-1F9561BCF1FC}"
EndProject
Project("{9A19103F-16F7-4668-BE54-9A1E7A4F7556}") = "ClientRegisterPublisherWorker", "ClientRegisterPublisherWorker\ClientRegisterPublisherWorker.csproj", "{BF2CF2B1-DC20-4B97-8F4E-127466F485EF}"
EndProject
Project("{2150E333-8FDC-42A3-9474-1A3956D46DE8}") = "Repository", "Repository", "{E255BCC1-8563-4081-BFDD-CEF07530D785}"
EndProject
Project("{9A19103F-16F7-4668-BE54-9A1E7A4F7556}") = "ClientRegisterRepository", "ClientRegisterRepository\ClientRegisterRepository.csproj", "{E9A87E2B-EBB9-4E13-A032-018C6E7369D4}"
EndProject
Project("{9A19103F-16F7-4668-BE54-9A1E7A4F7556}") = "ClientRegisterDomain", "ClientRegisterDomain\ClientRegisterDomain.csproj", "{CE2288BF-60FE-4C5B-BB79-0B30F3546FDA}"
EndProject
Project("{2150E333-8FDC-42A3-9474-1A3956D46DE8}") = "UnitTests", "UnitTests", "{67C54D08-4A24-47F1-B723-104B2D1611B6}"
EndProject
Project("{FAE04EC0-301F-11D3-BF4B-00C04F79EFBC}") = "ClientRegisterTests", "ClientRegisterTests\ClientRegisterTests.csproj", "{863AAE3B-E5D5-434C-9EDD-12098CD4763D}"
EndProject
Global
	GlobalSection(SolutionConfigurationPlatforms) = preSolution
		Debug|Any CPU = Debug|Any CPU
		Release|Any CPU = Release|Any CPU
	EndGlobalSection
	GlobalSection(ProjectConfigurationPlatforms) = postSolution
		{BF2CF2B1-DC20-4B97-8F4E-127466F485EF}.Debug|Any CPU.ActiveCfg = Debug|Any CPU
		{BF2CF2B1-DC20-4B97-8F4E-127466F485EF}.Debug|Any CPU.Build.0 = Debug|Any CPU
		{BF2CF2B1-DC20-4B97-8F4E-127466F485EF}.Release|Any CPU.ActiveCfg = Release|Any CPU
		{BF2CF2B1-DC20-4B97-8F4E-127466F485EF}.Release|Any CPU.Build.0 = Release|Any CPU
		{E9A87E2B-EBB9-4E13-A032-018C6E7369D4}.Debug|Any CPU.ActiveCfg = Debug|Any CPU
		{E9A87E2B-EBB9-4E13-A032-018C6E7369D4}.Debug|Any CPU.Build.0 = Debug|Any CPU
		{E9A87E2B-EBB9-4E13-A032-018C6E7369D4}.Release|Any CPU.ActiveCfg = Release|Any CPU
		{E9A87E2B-EBB9-4E13-A032-018C6E7369D4}.Release|Any CPU.Build.0 = Release|Any CPU
		{CE2288BF-60FE-4C5B-BB79-0B30F3546FDA}.Debug|Any CPU.ActiveCfg = Debug|Any CPU
		{CE2288BF-60FE-4C5B-BB79-0B30F3546FDA}.Debug|Any CPU.Build.0 = Debug|Any CPU
		{CE2288BF-60FE-4C5B-BB79-0B30F3546FDA}.Release|Any CPU.ActiveCfg = Release|Any CPU
		{CE2288BF-60FE-4C5B-BB79-0B30F3546FDA}.Release|Any CPU.Build.0 = Release|Any CPU
		{863AAE3B-E5D5-434C-9EDD-12098CD4763D}.Debug|Any CPU.ActiveCfg = Debug|Any CPU
		{863AAE3B-E5D5-434C-9EDD-12098CD4763D}.Debug|Any CPU.Build.0 = Debug|Any CPU
		{863AAE3B-E5D5-434C-9EDD-12098CD4763D}.Release|Any CPU.ActiveCfg = Release|Any CPU
		{863AAE3B-E5D5-434C-9EDD-12098CD4763D}.Release|Any CPU.Build.0 = Release|Any CPU
	EndGlobalSection
	GlobalSection(SolutionProperties) = preSolution
		HideSolutionNode = FALSE
	EndGlobalSection
	GlobalSection(NestedProjects) = preSolution
		{B6B5C89E-E611-4895-A2E5-1F9561BCF1FC} = {22E86286-0091-4F00-B5F7-91D0213FF7E5}
		{BF2CF2B1-DC20-4B97-8F4E-127466F485EF} = {B6B5C89E-E611-4895-A2E5-1F9561BCF1FC}
		{E9A87E2B-EBB9-4E13-A032-018C6E7369D4} = {E255BCC1-8563-4081-BFDD-CEF07530D785}
		{CE2288BF-60FE-4C5B-BB79-0B30F3546FDA} = {35618BAD-1058-467C-B534-1CAE87455C4D}
		{863AAE3B-E5D5-434C-9EDD-12098CD4763D} = {67C54D08-4A24-47F1-B723-104B2D1611B6}
	EndGlobalSection
	GlobalSection(ExtensibilityGlobals) = postSolution
		SolutionGuid = {6D20A3B0-9E31-4426-AF97-77F9968A030F}
	EndGlobalSection
EndGlobal
